
Microsoft Visual Studio Solution File, Format Version 12.00
# Visual Studio Version 16
VisualStudioVersion = 16.0.31402.337
MinimumVisualStudioVersion = 10.0.40219.1
Project("{9A19103F-16F7-4668-BE54-9A1E7A4F7556}") = "FS.ExpressionsExplained.Client", "FS.ExpressionsExplained\FS.ExpressionsExplained.Client.csproj", "{03B481AC-BA7A-4EFA-8B54-C78FD2FAB488}"
EndProject
Project("{FAE04EC0-301F-11D3-BF4B-00C04F79EFBC}") = "FS.ExpressionsExplained.WebApi", "FS.ExpressionsExplained.WebApi\FS.ExpressionsExplained.WebApi.csproj", "{6D803518-04CC-40AC-BF33-4F989D044C3B}"
EndProject
Project("{9A19103F-16F7-4668-BE54-9A1E7A4F7556}") = "FS.ExpressionsExplained.Tests", "FS.ExpressionsExplained.Tests\FS.ExpressionsExplained.Tests.csproj", "{B4ED53B4-774A-4699-B27E-9FD2F9A26D17}"
EndProject
Global
	GlobalSection(SolutionConfigurationPlatforms) = preSolution
		Debug|Any CPU = Debug|Any CPU
		Release|Any CPU = Release|Any CPU
	EndGlobalSection
	GlobalSection(ProjectConfigurationPlatforms) = postSolution
		{03B481AC-BA7A-4EFA-8B54-C78FD2FAB488}.Debug|Any CPU.ActiveCfg = Debug|Any CPU
		{03B481AC-BA7A-4EFA-8B54-C78FD2FAB488}.Debug|Any CPU.Build.0 = Debug|Any CPU
		{03B481AC-BA7A-4EFA-8B54-C78FD2FAB488}.Release|Any CPU.ActiveCfg = Release|Any CPU
		{03B481AC-BA7A-4EFA-8B54-C78FD2FAB488}.Release|Any CPU.Build.0 = Release|Any CPU
		{6D803518-04CC-40AC-BF33-4F989D044C3B}.Debug|Any CPU.ActiveCfg = Debug|Any CPU
		{6D803518-04CC-40AC-BF33-4F989D044C3B}.Debug|Any CPU.Build.0 = Debug|Any CPU
		{6D803518-04CC-40AC-BF33-4F989D044C3B}.Release|Any CPU.ActiveCfg = Release|Any CPU
		{6D803518-04CC-40AC-BF33-4F989D044C3B}.Release|Any CPU.Build.0 = Release|Any CPU
		{B4ED53B4-774A-4699-B27E-9FD2F9A26D17}.Debug|Any CPU.ActiveCfg = Debug|Any CPU
		{B4ED53B4-774A-4699-B27E-9FD2F9A26D17}.Debug|Any CPU.Build.0 = Debug|Any CPU
		{B4ED53B4-774A-4699-B27E-9FD2F9A26D17}.Release|Any CPU.ActiveCfg = Release|Any CPU
		{B4ED53B4-774A-4699-B27E-9FD2F9A26D17}.Release|Any CPU.Build.0 = Release|Any CPU
	EndGlobalSection
	GlobalSection(SolutionProperties) = preSolution
		HideSolutionNode = FALSE
	EndGlobalSection
	GlobalSection(ExtensibilityGlobals) = postSolution
		SolutionGuid = {17C6CC74-7A76-4766-B014-A971CD48AD90}
	EndGlobalSection
EndGlobal
